// !$*UTF8*$!
{
	archiveVersion = 1;
	classes = {
	};
	objectVersion = 50;
	objects = {

/* Begin PBXBuildFile section */
		583E063328DC914A007A6D93 /* View.swift in Sources */ = {isa = PBXBuildFile; fileRef = 583E063228DC914A007A6D93 /* View.swift */; };
		58E98DFC28DBAF1C002B5544 /* U_NewsApp.swift in Sources */ = {isa = PBXBuildFile; fileRef = 58E98DFB28DBAF1C002B5544 /* U_NewsApp.swift */; };
		58E98DFE28DBAF1C002B5544 /* ContentView.swift in Sources */ = {isa = PBXBuildFile; fileRef = 58E98DFD28DBAF1C002B5544 /* ContentView.swift */; };
		58E98E0028DBAF1E002B5544 /* Assets.xcassets in Resources */ = {isa = PBXBuildFile; fileRef = 58E98DFF28DBAF1E002B5544 /* Assets.xcassets */; };
		58E98E0328DBAF1E002B5544 /* Preview Assets.xcassets in Resources */ = {isa = PBXBuildFile; fileRef = 58E98E0228DBAF1E002B5544 /* Preview Assets.xcassets */; };
		58E98E0C28DBBD58002B5544 /* Post.swift in Sources */ = {isa = PBXBuildFile; fileRef = 58E98E0B28DBBD58002B5544 /* Post.swift */; };
		58E98E0F28DBBE6F002B5544 /* PostsViewModel.swift in Sources */ = {isa = PBXBuildFile; fileRef = 58E98E0E28DBBE6F002B5544 /* PostsViewModel.swift */; };
		58E98E1A28DC643D002B5544 /* ImageHelper.swift in Sources */ = {isa = PBXBuildFile; fileRef = 58E98E1928DC643D002B5544 /* ImageHelper.swift */; };
/* End PBXBuildFile section */

/* Begin PBXFileReference section */
		583E063228DC914A007A6D93 /* View.swift */ = {isa = PBXFileReference; lastKnownFileType = sourcecode.swift; path = View.swift; sourceTree = "<group>"; };
		58E98DF828DBAF1C002B5544 /* U-News.app */ = {isa = PBXFileReference; explicitFileType = wrapper.application; includeInIndex = 0; path = "U-News.app"; sourceTree = BUILT_PRODUCTS_DIR; };
		58E98DFB28DBAF1C002B5544 /* U_NewsApp.swift */ = {isa = PBXFileReference; lastKnownFileType = sourcecode.swift; path = U_NewsApp.swift; sourceTree = "<group>"; };
		58E98DFD28DBAF1C002B5544 /* ContentView.swift */ = {isa = PBXFileReference; lastKnownFileType = sourcecode.swift; path = ContentView.swift; sourceTree = "<group>"; };
		58E98DFF28DBAF1E002B5544 /* Assets.xcassets */ = {isa = PBXFileReference; lastKnownFileType = folder.assetcatalog; path = Assets.xcassets; sourceTree = "<group>"; };
		58E98E0228DBAF1E002B5544 /* Preview Assets.xcassets */ = {isa = PBXFileReference; lastKnownFileType = folder.assetcatalog; path = "Preview Assets.xcassets"; sourceTree = "<group>"; };
		58E98E0428DBAF1E002B5544 /* Info.plist */ = {isa = PBXFileReference; lastKnownFileType = text.plist.xml; path = Info.plist; sourceTree = "<group>"; };
		58E98E0B28DBBD58002B5544 /* Post.swift */ = {isa = PBXFileReference; lastKnownFileType = sourcecode.swift; path = Post.swift; sourceTree = "<group>"; };
		58E98E0E28DBBE6F002B5544 /* PostsViewModel.swift */ = {isa = PBXFileReference; lastKnownFileType = sourcecode.swift; path = PostsViewModel.swift; sourceTree = "<group>"; };
		58E98E1928DC643D002B5544 /* ImageHelper.swift */ = {isa = PBXFileReference; lastKnownFileType = sourcecode.swift; path = ImageHelper.swift; sourceTree = "<group>"; };
/* End PBXFileReference section */

/* Begin PBXFrameworksBuildPhase section */
		58E98DF528DBAF1C002B5544 /* Frameworks */ = {
			isa = PBXFrameworksBuildPhase;
			buildActionMask = 2147483647;
			files = (
			);
			runOnlyForDeploymentPostprocessing = 0;
		};
/* End PBXFrameworksBuildPhase section */

/* Begin PBXGroup section */
		58E98DEF28DBAF1C002B5544 = {
			isa = PBXGroup;
			children = (
				58E98DFA28DBAF1C002B5544 /* U-News */,
				58E98DF928DBAF1C002B5544 /* Products */,
			);
			sourceTree = "<group>";
		};
		58E98DF928DBAF1C002B5544 /* Products */ = {
			isa = PBXGroup;
			children = (
				58E98DF828DBAF1C002B5544 /* U-News.app */,
			);
			name = Products;
			sourceTree = "<group>";
		};
		58E98DFA28DBAF1C002B5544 /* U-News */ = {
			isa = PBXGroup;
			children = (
				58E98E1028DBBE79002B5544 /* Views */,
				58E98E0D28DBBE27002B5544 /* ViewModels */,
				58E98E0A28DBBD34002B5544 /* Models */,
				58E98E1828DC642B002B5544 /* Helpers */,
				58E98DFB28DBAF1C002B5544 /* U_NewsApp.swift */,
				58E98DFF28DBAF1E002B5544 /* Assets.xcassets */,
				58E98E0428DBAF1E002B5544 /* Info.plist */,
				58E98E0128DBAF1E002B5544 /* Preview Content */,
			);
			path = "U-News";
			sourceTree = "<group>";
		};
		58E98E0128DBAF1E002B5544 /* Preview Content */ = {
			isa = PBXGroup;
			children = (
				58E98E0228DBAF1E002B5544 /* Preview Assets.xcassets */,
			);
			path = "Preview Content";
			sourceTree = "<group>";
		};
		58E98E0A28DBBD34002B5544 /* Models */ = {
			isa = PBXGroup;
			children = (
				58E98E0B28DBBD58002B5544 /* Post.swift */,
			);
			path = Models;
			sourceTree = "<group>";
		};
		58E98E0D28DBBE27002B5544 /* ViewModels */ = {
			isa = PBXGroup;
			children = (
				58E98E0E28DBBE6F002B5544 /* PostsViewModel.swift */,
			);
			path = ViewModels;
			sourceTree = "<group>";
		};
		58E98E1028DBBE79002B5544 /* Views */ = {
			isa = PBXGroup;
			children = (
				58E98DFD28DBAF1C002B5544 /* ContentView.swift */,
			);
			path = Views;
			sourceTree = "<group>";
		};
		58E98E1828DC642B002B5544 /* Helpers */ = {
			isa = PBXGroup;
			children = (
				58E98E1928DC643D002B5544 /* ImageHelper.swift */,
				583E063228DC914A007A6D93 /* View.swift */,
			);
			path = Helpers;
			sourceTree = "<group>";
		};
/* End PBXGroup section */

/* Begin PBXNativeTarget section */
		58E98DF728DBAF1C002B5544 /* U-News */ = {
			isa = PBXNativeTarget;
			buildConfigurationList = 58E98E0728DBAF1E002B5544 /* Build configuration list for PBXNativeTarget "U-News" */;
			buildPhases = (
				58E98DF428DBAF1C002B5544 /* Sources */,
				58E98DF528DBAF1C002B5544 /* Frameworks */,
				58E98DF628DBAF1C002B5544 /* Resources */,
			);
			buildRules = (
			);
			dependencies = (
			);
			name = "U-News";
			packageProductDependencies = (
			);
			productName = "U-News";
			productReference = 58E98DF828DBAF1C002B5544 /* U-News.app */;
			productType = "com.apple.product-type.application";
		};
/* End PBXNativeTarget section */

/* Begin PBXProject section */
		58E98DF028DBAF1C002B5544 /* Project object */ = {
			isa = PBXProject;
			attributes = {
				LastSwiftUpdateCheck = 1250;
				LastUpgradeCheck = 1250;
				TargetAttributes = {
					58E98DF728DBAF1C002B5544 = {
						CreatedOnToolsVersion = 12.5.1;
					};
				};
			};
			buildConfigurationList = 58E98DF328DBAF1C002B5544 /* Build configuration list for PBXProject "U-News" */;
			compatibilityVersion = "Xcode 9.3";
			developmentRegion = en;
			hasScannedForEncodings = 0;
			knownRegions = (
				en,
				Base,
			);
			mainGroup = 58E98DEF28DBAF1C002B5544;
			packageReferences = (
			);
			productRefGroup = 58E98DF928DBAF1C002B5544 /* Products */;
			projectDirPath = "";
			projectRoot = "";
			targets = (
				58E98DF728DBAF1C002B5544 /* U-News */,
			);
		};
/* End PBXProject section */

/* Begin PBXResourcesBuildPhase section */
		58E98DF628DBAF1C002B5544 /* Resources */ = {
			isa = PBXResourcesBuildPhase;
			buildActionMask = 2147483647;
			files = (
				58E98E0328DBAF1E002B5544 /* Preview Assets.xcassets in Resources */,
				58E98E0028DBAF1E002B5544 /* Assets.xcassets in Resources */,
			);
			runOnlyForDeploymentPostprocessing = 0;
		};
/* End PBXResourcesBuildPhase section */

/* Begin PBXSourcesBuildPhase section */
		58E98DF428DBAF1C002B5544 /* Sources */ = {
			isa = PBXSourcesBuildPhase;
			buildActionMask = 2147483647;
			files = (
				58E98E0F28DBBE6F002B5544 /* PostsViewModel.swift in Sources */,
				58E98E1A28DC643D002B5544 /* ImageHelper.swift in Sources */,
				583E063328DC914A007A6D93 /* View.swift in Sources */,
				58E98E0C28DBBD58002B5544 /* Post.swift in Sources */,
				58E98DFE28DBAF1C002B5544 /* ContentView.swift in Sources */,
				58E98DFC28DBAF1C002B5544 /* U_NewsApp.swift in Sources */,
			);
			runOnlyForDeploymentPostprocessing = 0;
		};
/* End PBXSourcesBuildPhase section */

/* Begin XCBuildConfiguration section */
		58E98E0528DBAF1E002B5544 /* Debug */ = {
			isa = XCBuildConfiguration;
			buildSettings = {
				ALWAYS_SEARCH_USER_PATHS = NO;
				CLANG_ANALYZER_NONNULL = YES;
				CLANG_ANALYZER_NUMBER_OBJECT_CONVERSION = YES_AGGRESSIVE;
				CLANG_CXX_LANGUAGE_STANDARD = "gnu++14";
				CLANG_CXX_LIBRARY = "libc++";
				CLANG_ENABLE_MODULES = YES;
				CLANG_ENABLE_OBJC_ARC = YES;
				CLANG_ENABLE_OBJC_WEAK = YES;
				CLANG_WARN_BLOCK_CAPTURE_AUTORELEASING = YES;
				CLANG_WARN_BOOL_CONVERSION = YES;
				CLANG_WARN_COMMA = YES;
				CLANG_WARN_CONSTANT_CONVERSION = YES;
				CLANG_WARN_DEPRECATED_OBJC_IMPLEMENTATIONS = YES;
				CLANG_WARN_DIRECT_OBJC_ISA_USAGE = YES_ERROR;
				CLANG_WARN_DOCUMENTATION_COMMENTS = YES;
				CLANG_WARN_EMPTY_BODY = YES;
				CLANG_WARN_ENUM_CONVERSION = YES;
				CLANG_WARN_INFINITE_RECURSION = YES;
				CLANG_WARN_INT_CONVERSION = YES;
				CLANG_WARN_NON_LITERAL_NULL_CONVERSION = YES;
				CLANG_WARN_OBJC_IMPLICIT_RETAIN_SELF = YES;
				CLANG_WARN_OBJC_LITERAL_CONVERSION = YES;
				CLANG_WARN_OBJC_ROOT_CLASS = YES_ERROR;
				CLANG_WARN_QUOTED_INCLUDE_IN_FRAMEWORK_HEADER = YES;
				CLANG_WARN_RANGE_LOOP_ANALYSIS = YES;
				CLANG_WARN_STRICT_PROTOTYPES = YES;
				CLANG_WARN_SUSPICIOUS_MOVE = YES;
				CLANG_WARN_UNGUARDED_AVAILABILITY = YES_AGGRESSIVE;
				CLANG_WARN_UNREACHABLE_CODE = YES;
				CLANG_WARN__DUPLICATE_METHOD_MATCH = YES;
				COPY_PHASE_STRIP = NO;
				DEBUG_INFORMATION_FORMAT = dwarf;
				ENABLE_STRICT_OBJC_MSGSEND = YES;
				ENABLE_TESTABILITY = YES;
				GCC_C_LANGUAGE_STANDARD = gnu11;
				GCC_DYNAMIC_NO_PIC = NO;
				GCC_NO_COMMON_BLOCKS = YES;
				GCC_OPTIMIZATION_LEVEL = 0;
				GCC_PREPROCESSOR_DEFINITIONS = (
					"DEBUG=1",
					"$(inherited)",
				);
				GCC_WARN_64_TO_32_BIT_CONVERSION = YES;
				GCC_WARN_ABOUT_RETURN_TYPE = YES_ERROR;
				GCC_WARN_UNDECLARED_SELECTOR = YES;
				GCC_WARN_UNINITIALIZED_AUTOS = YES_AGGRESSIVE;
				GCC_WARN_UNUSED_FUNCTION = YES;
				GCC_WARN_UNUSED_VARIABLE = YES;
				IPHONEOS_DEPLOYMENT_TARGET = 14.5;
				MTL_ENABLE_DEBUG_INFO = INCLUDE_SOURCE;
				MTL_FAST_MATH = YES;
				ONLY_ACTIVE_ARCH = YES;
				SDKROOT = iphoneos;
				SWIFT_ACTIVE_COMPILATION_CONDITIONS = DEBUG;
				SWIFT_OPTIMIZATION_LEVEL = "-Onone";
			};
			name = Debug;
		};
		58E98E0628DBAF1E002B5544 /* Release */ = {
			isa = XCBuildConfiguration;
			buildSettings = {
				ALWAYS_SEARCH_USER_PATHS = NO;
				CLANG_ANALYZER_NONNULL = YES;
				CLANG_ANALYZER_NUMBER_OBJECT_CONVERSION = YES_AGGRESSIVE;
				CLANG_CXX_LANGUAGE_STANDARD = "gnu++14";
				CLANG_CXX_LIBRARY = "libc++";
				CLANG_ENABLE_MODULES = YES;
				CLANG_ENABLE_OBJC_ARC = YES;
				CLANG_ENABLE_OBJC_WEAK = YES;
				CLANG_WARN_BLOCK_CAPTURE_AUTORELEASING = YES;
				CLANG_WARN_BOOL_CONVERSION = YES;
				CLANG_WARN_COMMA = YES;
				CLANG_WARN_CONSTANT_CONVERSION = YES;
				CLANG_WARN_DEPRECATED_OBJC_IMPLEMENTATIONS = YES;
				CLANG_WARN_DIRECT_OBJC_ISA_USAGE = YES_ERROR;
				CLANG_WARN_DOCUMENTATION_COMMENTS = YES;
				CLANG_WARN_EMPTY_BODY = YES;
				CLANG_WARN_ENUM_CONVERSION = YES;
				CLANG_WARN_INFINITE_RECURSION = YES;
				CLANG_WARN_INT_CONVERSION = YES;
				CLANG_WARN_NON_LITERAL_NULL_CONVERSION = YES;
				CLANG_WARN_OBJC_IMPLICIT_RETAIN_SELF = YES;
				CLANG_WARN_OBJC_LITERAL_CONVERSION = YES;
				CLANG_WARN_OBJC_ROOT_CLASS = YES_ERROR;
				CLANG_WARN_QUOTED_INCLUDE_IN_FRAMEWORK_HEADER = YES;
				CLANG_WARN_RANGE_LOOP_ANALYSIS = YES;
				CLANG_WARN_STRICT_PROTOTYPES = YES;
				CLANG_WARN_SUSPICIOUS_MOVE = YES;
				CLANG_WARN_UNGUARDED_AVAILABILITY = YES_AGGRESSIVE;
				CLANG_WARN_UNREACHABLE_CODE = YES;
				CLANG_WARN__DUPLICATE_METHOD_MATCH = YES;
				COPY_PHASE_STRIP = NO;
				DEBUG_INFORMATION_FORMAT = "dwarf-with-dsym";
				ENABLE_NS_ASSERTIONS = NO;
				ENABLE_STRICT_OBJC_MSGSEND = YES;
				GCC_C_LANGUAGE_STANDARD = gnu11;
				GCC_NO_COMMON_BLOCKS = YES;
				GCC_WARN_64_TO_32_BIT_CONVERSION = YES;
				GCC_WARN_ABOUT_RETURN_TYPE = YES_ERROR;
				GCC_WARN_UNDECLARED_SELECTOR = YES;
				GCC_WARN_UNINITIALIZED_AUTOS = YES_AGGRESSIVE;
				GCC_WARN_UNUSED_FUNCTION = YES;
				GCC_WARN_UNUSED_VARIABLE = YES;
				IPHONEOS_DEPLOYMENT_TARGET = 14.5;
				MTL_ENABLE_DEBUG_INFO = NO;
				MTL_FAST_MATH = YES;
				SDKROOT = iphoneos;
				SWIFT_COMPILATION_MODE = wholemodule;
				SWIFT_OPTIMIZATION_LEVEL = "-O";
				VALIDATE_PRODUCT = YES;
			};
			name = Release;
		};
		58E98E0828DBAF1E002B5544 /* Debug */ = {
			isa = XCBuildConfiguration;
			buildSettings = {
				ASSETCATALOG_COMPILER_APPICON_NAME = AppIcon;
				ASSETCATALOG_COMPILER_GLOBAL_ACCENT_COLOR_NAME = AccentColor;
				CODE_SIGN_STYLE = Automatic;
				DEVELOPMENT_ASSET_PATHS = "\"U-News/Preview Content\"";
				DEVELOPMENT_TEAM = ACN8QD2ZW5;
				ENABLE_PREVIEWS = YES;
				INFOPLIST_FILE = "U-News/Info.plist";
				IPHONEOS_DEPLOYMENT_TARGET = 14.0;
				LD_RUNPATH_SEARCH_PATHS = (
					"$(inherited)",
					"@executable_path/Frameworks",
				);
				PRODUCT_BUNDLE_IDENTIFIER = "com.nure.vasyliev.unews.U-News";
				PRODUCT_NAME = "$(TARGET_NAME)";
				SWIFT_VERSION = 5.0;
				TARGETED_DEVICE_FAMILY = "1,2";
			};
			name = Debug;
		};
		58E98E0928DBAF1E002B5544 /* Release */ = {
			isa = XCBuildConfiguration;
			buildSettings = {
				ASSETCATALOG_COMPILER_APPICON_NAME = AppIcon;
				ASSETCATALOG_COMPILER_GLOBAL_ACCENT_COLOR_NAME = AccentColor;
				CODE_SIGN_STYLE = Automatic;
				DEVELOPMENT_ASSET_PATHS = "\"U-News/Preview Content\"";
				DEVELOPMENT_TEAM = ACN8QD2ZW5;
				ENABLE_PREVIEWS = YES;
				INFOPLIST_FILE = "U-News/Info.plist";
				IPHONEOS_DEPLOYMENT_TARGET = 14.0;
				LD_RUNPATH_SEARCH_PATHS = (
					"$(inherited)",
					"@executable_path/Frameworks",
				);
				PRODUCT_BUNDLE_IDENTIFIER = "com.nure.vasyliev.unews.U-News";
				PRODUCT_NAME = "$(TARGET_NAME)";
				SWIFT_VERSION = 5.0;
				TARGETED_DEVICE_FAMILY = "1,2";
			};
			name = Release;
		};
/* End XCBuildConfiguration section */

/* Begin XCConfigurationList section */
		58E98DF328DBAF1C002B5544 /* Build configuration list for PBXProject "U-News" */ = {
			isa = XCConfigurationList;
			buildConfigurations = (
				58E98E0528DBAF1E002B5544 /* Debug */,
				58E98E0628DBAF1E002B5544 /* Release */,
			);
			defaultConfigurationIsVisible = 0;
			defaultConfigurationName = Release;
		};
		58E98E0728DBAF1E002B5544 /* Build configuration list for PBXNativeTarget "U-News" */ = {
			isa = XCConfigurationList;
			buildConfigurations = (
				58E98E0828DBAF1E002B5544 /* Debug */,
				58E98E0928DBAF1E002B5544 /* Release */,
			);
			defaultConfigurationIsVisible = 0;
			defaultConfigurationName = Release;
		};
/* End XCConfigurationList section */
	};
	rootObject = 58E98DF028DBAF1C002B5544 /* Project object */;
}
